
Microsoft Visual Studio Solution File, Format Version 12.00
# Blend for Visual Studio 15
VisualStudioVersion = 15.0.27130.2020
MinimumVisualStudioVersion = 10.0.40219.1
Project("{2150E333-8FDC-42A3-9474-1A3956D46DE8}") = "Readme", "Readme", "{5C35CDAD-9EA0-4B7F-9FED-9564ED6AAB7C}"
	ProjectSection(SolutionItems) = preProject
		README.md = README.md
	EndProjectSection
EndProject
Project("{2150E333-8FDC-42A3-9474-1A3956D46DE8}") = "License", "License", "{497C8B98-0E7F-4B96-B603-9C0308C7099D}"
	ProjectSection(SolutionItems) = preProject
		LICENSE.txt = LICENSE.txt
	EndProjectSection
EndProject
Project("{FAE04EC0-301F-11D3-BF4B-00C04F79EFBC}") = "Year.Progress", "src\Year.Progress\Year.Progress.csproj", "{18D18468-F161-4DAF-9FF3-62C5EF33CB4D}"
EndProject
Project("{FAE04EC0-301F-11D3-BF4B-00C04F79EFBC}") = "ReactiveProperty.Platform.NET46", "lib\ReactiveProperty\Source\ReactiveProperty.Platform.NET46\ReactiveProperty.Platform.NET46.csproj", "{883C5447-2778-43E4-8CDE-6A594B342ACD}"
EndProject
Project("{FAE04EC0-301F-11D3-BF4B-00C04F79EFBC}") = "ReactiveProperty.NETStandard", "lib\ReactiveProperty\Source\ReactiveProperty.NETStandard\ReactiveProperty.NETStandard.csproj", "{38D9FCE8-1EF8-48F3-9335-581FC78DD96E}"
EndProject
Global
	GlobalSection(SharedMSBuildProjectFiles) = preSolution
		lib\ReactiveProperty\Source\ReactiveProperty.Platform.Shared\ReactiveProperty.Platform.Shared.projitems*{883c5447-2778-43e4-8cde-6a594b342acd}*SharedItemsImports = 4
	EndGlobalSection
	GlobalSection(SolutionConfigurationPlatforms) = preSolution
		Debug|Any CPU = Debug|Any CPU
		Documentation|Any CPU = Documentation|Any CPU
		Release|Any CPU = Release|Any CPU
	EndGlobalSection
	GlobalSection(ProjectConfigurationPlatforms) = postSolution
		{18D18468-F161-4DAF-9FF3-62C5EF33CB4D}.Debug|Any CPU.ActiveCfg = Debug|Any CPU
		{18D18468-F161-4DAF-9FF3-62C5EF33CB4D}.Debug|Any CPU.Build.0 = Debug|Any CPU
		{18D18468-F161-4DAF-9FF3-62C5EF33CB4D}.Documentation|Any CPU.ActiveCfg = Debug|Any CPU
		{18D18468-F161-4DAF-9FF3-62C5EF33CB4D}.Documentation|Any CPU.Build.0 = Debug|Any CPU
		{18D18468-F161-4DAF-9FF3-62C5EF33CB4D}.Release|Any CPU.ActiveCfg = Release|Any CPU
		{18D18468-F161-4DAF-9FF3-62C5EF33CB4D}.Release|Any CPU.Build.0 = Release|Any CPU
		{883C5447-2778-43E4-8CDE-6A594B342ACD}.Debug|Any CPU.ActiveCfg = Debug|Any CPU
		{883C5447-2778-43E4-8CDE-6A594B342ACD}.Debug|Any CPU.Build.0 = Debug|Any CPU
		{883C5447-2778-43E4-8CDE-6A594B342ACD}.Documentation|Any CPU.ActiveCfg = Documentation|Any CPU
		{883C5447-2778-43E4-8CDE-6A594B342ACD}.Documentation|Any CPU.Build.0 = Documentation|Any CPU
		{883C5447-2778-43E4-8CDE-6A594B342ACD}.Release|Any CPU.ActiveCfg = Release|Any CPU
		{883C5447-2778-43E4-8CDE-6A594B342ACD}.Release|Any CPU.Build.0 = Release|Any CPU
		{38D9FCE8-1EF8-48F3-9335-581FC78DD96E}.Debug|Any CPU.ActiveCfg = Debug|Any CPU
		{38D9FCE8-1EF8-48F3-9335-581FC78DD96E}.Debug|Any CPU.Build.0 = Debug|Any CPU
		{38D9FCE8-1EF8-48F3-9335-581FC78DD96E}.Documentation|Any CPU.ActiveCfg = Debug|Any CPU
		{38D9FCE8-1EF8-48F3-9335-581FC78DD96E}.Documentation|Any CPU.Build.0 = Debug|Any CPU
		{38D9FCE8-1EF8-48F3-9335-581FC78DD96E}.Release|Any CPU.ActiveCfg = Release|Any CPU
		{38D9FCE8-1EF8-48F3-9335-581FC78DD96E}.Release|Any CPU.Build.0 = Release|Any CPU
	EndGlobalSection
	GlobalSection(SolutionProperties) = preSolution
		HideSolutionNode = FALSE
	EndGlobalSection
	GlobalSection(ExtensibilityGlobals) = postSolution
		SolutionGuid = {8A5A8E5C-091D-475B-9AD8-88496A8FBCB9}
	EndGlobalSection
EndGlobal
